
Microsoft Visual Studio Solution File, Format Version 12.00
# Visual Studio Version 16
VisualStudioVersion = 16.0.30717.126
MinimumVisualStudioVersion = 10.0.40219.1
Project("{FAE04EC0-301F-11D3-BF4B-00C04F79EFBC}") = "PersonalizerMobile.UWP", "PersonalizerMobile\PersonalizerMobile.UWP\PersonalizerMobile.UWP.csproj", "{22CD4A23-7E2F-41C8-822F-912FEF630AC4}"
EndProject
Project("{FAE04EC0-301F-11D3-BF4B-00C04F79EFBC}") = "PersonalizerMobile.Android", "PersonalizerMobile\PersonalizerMobile.Android\PersonalizerMobile.Android.csproj", "{26BAD698-7A44-4FBA-9EAB-CAA80B597550}"
EndProject
Project("{FAE04EC0-301F-11D3-BF4B-00C04F79EFBC}") = "PersonalizerMobile.iOS", "PersonalizerMobile\PersonalizerMobile.iOS\PersonalizerMobile.iOS.csproj", "{11972A6B-1B15-42B0-A58B-ECDE65621560}"
EndProject
Project("{FAE04EC0-301F-11D3-BF4B-00C04F79EFBC}") = "PersonalizerMobile", "PersonalizerMobile\PersonalizerMobile\PersonalizerMobile.csproj", "{8FB2976C-B4E0-445A-A45E-C46B051951EC}"
EndProject
Global
	GlobalSection(SolutionConfigurationPlatforms) = preSolution
		Debug|Any CPU = Debug|Any CPU
		Debug|ARM = Debug|ARM
		Debug|iPhone = Debug|iPhone
		Debug|iPhoneSimulator = Debug|iPhoneSimulator
		Debug|x64 = Debug|x64
		Debug|x86 = Debug|x86
		Release|Any CPU = Release|Any CPU
		Release|ARM = Release|ARM
		Release|iPhone = Release|iPhone
		Release|iPhoneSimulator = Release|iPhoneSimulator
		Release|x64 = Release|x64
		Release|x86 = Release|x86
	EndGlobalSection
	GlobalSection(ProjectConfigurationPlatforms) = postSolution
		{22CD4A23-7E2F-41C8-822F-912FEF630AC4}.Debug|Any CPU.ActiveCfg = Debug|x86
		{22CD4A23-7E2F-41C8-822F-912FEF630AC4}.Debug|Any CPU.Build.0 = Debug|x86
		{22CD4A23-7E2F-41C8-822F-912FEF630AC4}.Debug|Any CPU.Deploy.0 = Debug|x86
		{22CD4A23-7E2F-41C8-822F-912FEF630AC4}.Debug|ARM.ActiveCfg = Debug|ARM
		{22CD4A23-7E2F-41C8-822F-912FEF630AC4}.Debug|ARM.Build.0 = Debug|ARM
		{22CD4A23-7E2F-41C8-822F-912FEF630AC4}.Debug|ARM.Deploy.0 = Debug|ARM
		{22CD4A23-7E2F-41C8-822F-912FEF630AC4}.Debug|iPhone.ActiveCfg = Debug|x86
		{22CD4A23-7E2F-41C8-822F-912FEF630AC4}.Debug|iPhone.Build.0 = Debug|x86
		{22CD4A23-7E2F-41C8-822F-912FEF630AC4}.Debug|iPhone.Deploy.0 = Debug|x86
		{22CD4A23-7E2F-41C8-822F-912FEF630AC4}.Debug|iPhoneSimulator.ActiveCfg = Debug|x86
		{22CD4A23-7E2F-41C8-822F-912FEF630AC4}.Debug|iPhoneSimulator.Build.0 = Debug|x86
		{22CD4A23-7E2F-41C8-822F-912FEF630AC4}.Debug|iPhoneSimulator.Deploy.0 = Debug|x86
		{22CD4A23-7E2F-41C8-822F-912FEF630AC4}.Debug|x64.ActiveCfg = Debug|x64
		{22CD4A23-7E2F-41C8-822F-912FEF630AC4}.Debug|x64.Build.0 = Debug|x64
		{22CD4A23-7E2F-41C8-822F-912FEF630AC4}.Debug|x64.Deploy.0 = Debug|x64
		{22CD4A23-7E2F-41C8-822F-912FEF630AC4}.Debug|x86.ActiveCfg = Debug|x86
		{22CD4A23-7E2F-41C8-822F-912FEF630AC4}.Debug|x86.Build.0 = Debug|x86
		{22CD4A23-7E2F-41C8-822F-912FEF630AC4}.Debug|x86.Deploy.0 = Debug|x86
		{22CD4A23-7E2F-41C8-822F-912FEF630AC4}.Release|Any CPU.ActiveCfg = Release|x86
		{22CD4A23-7E2F-41C8-822F-912FEF630AC4}.Release|Any CPU.Build.0 = Release|x86
		{22CD4A23-7E2F-41C8-822F-912FEF630AC4}.Release|Any CPU.Deploy.0 = Release|x86
		{22CD4A23-7E2F-41C8-822F-912FEF630AC4}.Release|ARM.ActiveCfg = Release|ARM
		{22CD4A23-7E2F-41C8-822F-912FEF630AC4}.Release|ARM.Build.0 = Release|ARM
		{22CD4A23-7E2F-41C8-822F-912FEF630AC4}.Release|ARM.Deploy.0 = Release|ARM
		{22CD4A23-7E2F-41C8-822F-912FEF630AC4}.Release|iPhone.ActiveCfg = Release|x86
		{22CD4A23-7E2F-41C8-822F-912FEF630AC4}.Release|iPhone.Build.0 = Release|x86
		{22CD4A23-7E2F-41C8-822F-912FEF630AC4}.Release|iPhone.Deploy.0 = Release|x86
		{22CD4A23-7E2F-41C8-822F-912FEF630AC4}.Release|iPhoneSimulator.ActiveCfg = Release|x86
		{22CD4A23-7E2F-41C8-822F-912FEF630AC4}.Release|iPhoneSimulator.Build.0 = Release|x86
		{22CD4A23-7E2F-41C8-822F-912FEF630AC4}.Release|iPhoneSimulator.Deploy.0 = Release|x86
		{22CD4A23-7E2F-41C8-822F-912FEF630AC4}.Release|x64.ActiveCfg = Release|x64
		{22CD4A23-7E2F-41C8-822F-912FEF630AC4}.Release|x64.Build.0 = Release|x64
		{22CD4A23-7E2F-41C8-822F-912FEF630AC4}.Release|x64.Deploy.0 = Release|x64
		{22CD4A23-7E2F-41C8-822F-912FEF630AC4}.Release|x86.ActiveCfg = Release|x86
		{22CD4A23-7E2F-41C8-822F-912FEF630AC4}.Release|x86.Build.0 = Release|x86
		{22CD4A23-7E2F-41C8-822F-912FEF630AC4}.Release|x86.Deploy.0 = Release|x86
		{26BAD698-7A44-4FBA-9EAB-CAA80B597550}.Debug|Any CPU.ActiveCfg = Debug|Any CPU
		{26BAD698-7A44-4FBA-9EAB-CAA80B597550}.Debug|Any CPU.Build.0 = Debug|Any CPU
		{26BAD698-7A44-4FBA-9EAB-CAA80B597550}.Debug|Any CPU.Deploy.0 = Debug|Any CPU
		{26BAD698-7A44-4FBA-9EAB-CAA80B597550}.Debug|ARM.ActiveCfg = Debug|Any CPU
		{26BAD698-7A44-4FBA-9EAB-CAA80B597550}.Debug|ARM.Build.0 = Debug|Any CPU
		{26BAD698-7A44-4FBA-9EAB-CAA80B597550}.Debug|ARM.Deploy.0 = Debug|Any CPU
		{26BAD698-7A44-4FBA-9EAB-CAA80B597550}.Debug|iPhone.ActiveCfg = Debug|Any CPU
		{26BAD698-7A44-4FBA-9EAB-CAA80B597550}.Debug|iPhone.Build.0 = Debug|Any CPU
		{26BAD698-7A44-4FBA-9EAB-CAA80B597550}.Debug|iPhone.Deploy.0 = Debug|Any CPU
		{26BAD698-7A44-4FBA-9EAB-CAA80B597550}.Debug|iPhoneSimulator.ActiveCfg = Debug|Any CPU
		{26BAD698-7A44-4FBA-9EAB-CAA80B597550}.Debug|iPhoneSimulator.Build.0 = Debug|Any CPU
		{26BAD698-7A44-4FBA-9EAB-CAA80B597550}.Debug|iPhoneSimulator.Deploy.0 = Debug|Any CPU
		{26BAD698-7A44-4FBA-9EAB-CAA80B597550}.Debug|x64.ActiveCfg = Debug|Any CPU
		{26BAD698-7A44-4FBA-9EAB-CAA80B597550}.Debug|x64.Build.0 = Debug|Any CPU
		{26BAD698-7A44-4FBA-9EAB-CAA80B597550}.Debug|x64.Deploy.0 = Debug|Any CPU
		{26BAD698-7A44-4FBA-9EAB-CAA80B597550}.Debug|x86.ActiveCfg = Debug|Any CPU
		{26BAD698-7A44-4FBA-9EAB-CAA80B597550}.Debug|x86.Build.0 = Debug|Any CPU
		{26BAD698-7A44-4FBA-9EAB-CAA80B597550}.Debug|x86.Deploy.0 = Debug|Any CPU
		{26BAD698-7A44-4FBA-9EAB-CAA80B597550}.Release|Any CPU.ActiveCfg = Release|Any CPU
		{26BAD698-7A44-4FBA-9EAB-CAA80B597550}.Release|Any CPU.Build.0 = Release|Any CPU
		{26BAD698-7A44-4FBA-9EAB-CAA80B597550}.Release|Any CPU.Deploy.0 = Release|Any CPU
		{26BAD698-7A44-4FBA-9EAB-CAA80B597550}.Release|ARM.ActiveCfg = Release|Any CPU
		{26BAD698-7A44-4FBA-9EAB-CAA80B597550}.Release|ARM.Build.0 = Release|Any CPU
		{26BAD698-7A44-4FBA-9EAB-CAA80B597550}.Release|ARM.Deploy.0 = Release|Any CPU
		{26BAD698-7A44-4FBA-9EAB-CAA80B597550}.Release|iPhone.ActiveCfg = Release|Any CPU
		{26BAD698-7A44-4FBA-9EAB-CAA80B597550}.Release|iPhone.Build.0 = Release|Any CPU
		{26BAD698-7A44-4FBA-9EAB-CAA80B597550}.Release|iPhone.Deploy.0 = Release|Any CPU
		{26BAD698-7A44-4FBA-9EAB-CAA80B597550}.Release|iPhoneSimulator.ActiveCfg = Release|Any CPU
		{26BAD698-7A44-4FBA-9EAB-CAA80B597550}.Release|iPhoneSimulator.Build.0 = Release|Any CPU
		{26BAD698-7A44-4FBA-9EAB-CAA80B597550}.Release|iPhoneSimulator.Deploy.0 = Release|Any CPU
		{26BAD698-7A44-4FBA-9EAB-CAA80B597550}.Release|x64.ActiveCfg = Release|Any CPU
		{26BAD698-7A44-4FBA-9EAB-CAA80B597550}.Release|x64.Build.0 = Release|Any CPU
		{26BAD698-7A44-4FBA-9EAB-CAA80B597550}.Release|x64.Deploy.0 = Release|Any CPU
		{26BAD698-7A44-4FBA-9EAB-CAA80B597550}.Release|x86.ActiveCfg = Release|Any CPU
		{26BAD698-7A44-4FBA-9EAB-CAA80B597550}.Release|x86.Build.0 = Release|Any CPU
		{26BAD698-7A44-4FBA-9EAB-CAA80B597550}.Release|x86.Deploy.0 = Release|Any CPU
		{11972A6B-1B15-42B0-A58B-ECDE65621560}.Debug|Any CPU.ActiveCfg = Debug|iPhoneSimulator
		{11972A6B-1B15-42B0-A58B-ECDE65621560}.Debug|Any CPU.Build.0 = Debug|iPhoneSimulator
		{11972A6B-1B15-42B0-A58B-ECDE65621560}.Debug|Any CPU.Deploy.0 = Debug|iPhoneSimulator
		{11972A6B-1B15-42B0-A58B-ECDE65621560}.Debug|ARM.ActiveCfg = Debug|iPhone
		{11972A6B-1B15-42B0-A58B-ECDE65621560}.Debug|ARM.Build.0 = Debug|iPhone
		{11972A6B-1B15-42B0-A58B-ECDE65621560}.Debug|ARM.Deploy.0 = Debug|iPhone
		{11972A6B-1B15-42B0-A58B-ECDE65621560}.Debug|iPhone.ActiveCfg = Debug|iPhone
		{11972A6B-1B15-42B0-A58B-ECDE65621560}.Debug|iPhone.Build.0 = Debug|iPhone
		{11972A6B-1B15-42B0-A58B-ECDE65621560}.Debug|iPhone.Deploy.0 = Debug|iPhone
		{11972A6B-1B15-42B0-A58B-ECDE65621560}.Debug|iPhoneSimulator.ActiveCfg = Debug|iPhoneSimulator
		{11972A6B-1B15-42B0-A58B-ECDE65621560}.Debug|iPhoneSimulator.Build.0 = Debug|iPhoneSimulator
		{11972A6B-1B15-42B0-A58B-ECDE65621560}.Debug|iPhoneSimulator.Deploy.0 = Debug|iPhoneSimulator
		{11972A6B-1B15-42B0-A58B-ECDE65621560}.Debug|x64.ActiveCfg = Debug|iPhoneSimulator
		{11972A6B-1B15-42B0-A58B-ECDE65621560}.Debug|x64.Build.0 = Debug|iPhoneSimulator
		{11972A6B-1B15-42B0-A58B-ECDE65621560}.Debug|x64.Deploy.0 = Debug|iPhoneSimulator
		{11972A6B-1B15-42B0-A58B-ECDE65621560}.Debug|x86.ActiveCfg = Debug|iPhoneSimulator
		{11972A6B-1B15-42B0-A58B-ECDE65621560}.Debug|x86.Build.0 = Debug|iPhoneSimulator
		{11972A6B-1B15-42B0-A58B-ECDE65621560}.Debug|x86.Deploy.0 = Debug|iPhoneSimulator
		{11972A6B-1B15-42B0-A58B-ECDE65621560}.Release|Any CPU.ActiveCfg = Release|iPhoneSimulator
		{11972A6B-1B15-42B0-A58B-ECDE65621560}.Release|Any CPU.Build.0 = Release|iPhoneSimulator
		{11972A6B-1B15-42B0-A58B-ECDE65621560}.Release|Any CPU.Deploy.0 = Release|iPhoneSimulator
		{11972A6B-1B15-42B0-A58B-ECDE65621560}.Release|ARM.ActiveCfg = Release|iPhoneSimulator
		{11972A6B-1B15-42B0-A58B-ECDE65621560}.Release|ARM.Build.0 = Release|iPhoneSimulator
		{11972A6B-1B15-42B0-A58B-ECDE65621560}.Release|ARM.Deploy.0 = Release|iPhoneSimulator
		{11972A6B-1B15-42B0-A58B-ECDE65621560}.Release|iPhone.ActiveCfg = Release|iPhone
		{11972A6B-1B15-42B0-A58B-ECDE65621560}.Release|iPhone.Build.0 = Release|iPhone
		{11972A6B-1B15-42B0-A58B-ECDE65621560}.Release|iPhone.Deploy.0 = Release|iPhone
		{11972A6B-1B15-42B0-A58B-ECDE65621560}.Release|iPhoneSimulator.ActiveCfg = Release|iPhoneSimulator
		{11972A6B-1B15-42B0-A58B-ECDE65621560}.Release|iPhoneSimulator.Build.0 = Release|iPhoneSimulator
		{11972A6B-1B15-42B0-A58B-ECDE65621560}.Release|iPhoneSimulator.Deploy.0 = Release|iPhoneSimulator
		{11972A6B-1B15-42B0-A58B-ECDE65621560}.Release|x64.ActiveCfg = Release|iPhoneSimulator
		{11972A6B-1B15-42B0-A58B-ECDE65621560}.Release|x64.Build.0 = Release|iPhoneSimulator
		{11972A6B-1B15-42B0-A58B-ECDE65621560}.Release|x64.Deploy.0 = Release|iPhoneSimulator
		{11972A6B-1B15-42B0-A58B-ECDE65621560}.Release|x86.ActiveCfg = Release|iPhoneSimulator
		{11972A6B-1B15-42B0-A58B-ECDE65621560}.Release|x86.Build.0 = Release|iPhoneSimulator
		{11972A6B-1B15-42B0-A58B-ECDE65621560}.Release|x86.Deploy.0 = Release|iPhoneSimulator
		{8FB2976C-B4E0-445A-A45E-C46B051951EC}.Debug|Any CPU.ActiveCfg = Debug|Any CPU
		{8FB2976C-B4E0-445A-A45E-C46B051951EC}.Debug|Any CPU.Build.0 = Debug|Any CPU
		{8FB2976C-B4E0-445A-A45E-C46B051951EC}.Debug|Any CPU.Deploy.0 = Debug|Any CPU
		{8FB2976C-B4E0-445A-A45E-C46B051951EC}.Debug|ARM.ActiveCfg = Debug|Any CPU
		{8FB2976C-B4E0-445A-A45E-C46B051951EC}.Debug|ARM.Build.0 = Debug|Any CPU
		{8FB2976C-B4E0-445A-A45E-C46B051951EC}.Debug|ARM.Deploy.0 = Debug|Any CPU
		{8FB2976C-B4E0-445A-A45E-C46B051951EC}.Debug|iPhone.ActiveCfg = Debug|Any CPU
		{8FB2976C-B4E0-445A-A45E-C46B051951EC}.Debug|iPhone.Build.0 = Debug|Any CPU
		{8FB2976C-B4E0-445A-A45E-C46B051951EC}.Debug|iPhone.Deploy.0 = Debug|Any CPU
		{8FB2976C-B4E0-445A-A45E-C46B051951EC}.Debug|iPhoneSimulator.ActiveCfg = Debug|Any CPU
		{8FB2976C-B4E0-445A-A45E-C46B051951EC}.Debug|iPhoneSimulator.Build.0 = Debug|Any CPU
		{8FB2976C-B4E0-445A-A45E-C46B051951EC}.Debug|iPhoneSimulator.Deploy.0 = Debug|Any CPU
		{8FB2976C-B4E0-445A-A45E-C46B051951EC}.Debug|x64.ActiveCfg = Debug|Any CPU
		{8FB2976C-B4E0-445A-A45E-C46B051951EC}.Debug|x64.Build.0 = Debug|Any CPU
		{8FB2976C-B4E0-445A-A45E-C46B051951EC}.Debug|x64.Deploy.0 = Debug|Any CPU
		{8FB2976C-B4E0-445A-A45E-C46B051951EC}.Debug|x86.ActiveCfg = Debug|Any CPU
		{8FB2976C-B4E0-445A-A45E-C46B051951EC}.Debug|x86.Build.0 = Debug|Any CPU
		{8FB2976C-B4E0-445A-A45E-C46B051951EC}.Debug|x86.Deploy.0 = Debug|Any CPU
		{8FB2976C-B4E0-445A-A45E-C46B051951EC}.Release|Any CPU.ActiveCfg = Release|Any CPU
		{8FB2976C-B4E0-445A-A45E-C46B051951EC}.Release|Any CPU.Build.0 = Release|Any CPU
		{8FB2976C-B4E0-445A-A45E-C46B051951EC}.Release|Any CPU.Deploy.0 = Release|Any CPU
		{8FB2976C-B4E0-445A-A45E-C46B051951EC}.Release|ARM.ActiveCfg = Release|Any CPU
		{8FB2976C-B4E0-445A-A45E-C46B051951EC}.Release|ARM.Build.0 = Release|Any CPU
		{8FB2976C-B4E0-445A-A45E-C46B051951EC}.Release|ARM.Deploy.0 = Release|Any CPU
		{8FB2976C-B4E0-445A-A45E-C46B051951EC}.Release|iPhone.ActiveCfg = Release|Any CPU
		{8FB2976C-B4E0-445A-A45E-C46B051951EC}.Release|iPhone.Build.0 = Release|Any CPU
		{8FB2976C-B4E0-445A-A45E-C46B051951EC}.Release|iPhone.Deploy.0 = Release|Any CPU
		{8FB2976C-B4E0-445A-A45E-C46B051951EC}.Release|iPhoneSimulator.ActiveCfg = Release|Any CPU
		{8FB2976C-B4E0-445A-A45E-C46B051951EC}.Release|iPhoneSimulator.Build.0 = Release|Any CPU
		{8FB2976C-B4E0-445A-A45E-C46B051951EC}.Release|iPhoneSimulator.Deploy.0 = Release|Any CPU
		{8FB2976C-B4E0-445A-A45E-C46B051951EC}.Release|x64.ActiveCfg = Release|Any CPU
		{8FB2976C-B4E0-445A-A45E-C46B051951EC}.Release|x64.Build.0 = Release|Any CPU
		{8FB2976C-B4E0-445A-A45E-C46B051951EC}.Release|x64.Deploy.0 = Release|Any CPU
		{8FB2976C-B4E0-445A-A45E-C46B051951EC}.Release|x86.ActiveCfg = Release|Any CPU
		{8FB2976C-B4E0-445A-A45E-C46B051951EC}.Release|x86.Build.0 = Release|Any CPU
		{8FB2976C-B4E0-445A-A45E-C46B051951EC}.Release|x86.Deploy.0 = Release|Any CPU
	EndGlobalSection
	GlobalSection(SolutionProperties) = preSolution
		HideSolutionNode = FALSE
	EndGlobalSection
	GlobalSection(ExtensibilityGlobals) = postSolution
		SolutionGuid = {B8F795E1-18E4-4440-8C71-DFC0DE3E864B}
	EndGlobalSection
EndGlobal
